
Microsoft Visual Studio Solution File, Format Version 12.00
# Visual Studio Version 16
VisualStudioVersion = 16.0.29306.81
MinimumVisualStudioVersion = 10.0.40219.1
Project("{FAE04EC0-301F-11D3-BF4B-00C04F79EFBC}") = "Technical", "Technical.csproj", "{350A0DD4-0A7B-4CEC-B90D-B7F389F9755D}"
EndProject
Global
	GlobalSection(SolutionConfigurationPlatforms) = preSolution
		Debug|Any CPU = Debug|Any CPU
		Release|Any CPU = Release|Any CPU
	EndGlobalSection
	GlobalSection(ProjectConfigurationPlatforms) = postSolution
		{350A0DD4-0A7B-4CEC-B90D-B7F389F9755D}.Debug|Any CPU.ActiveCfg = Debug|Any CPU
		{350A0DD4-0A7B-4CEC-B90D-B7F389F9755D}.Debug|Any CPU.Build.0 = Debug|Any CPU
		{350A0DD4-0A7B-4CEC-B90D-B7F389F9755D}.Release|Any CPU.ActiveCfg = Release|Any CPU
		{350A0DD4-0A7B-4CEC-B90D-B7F389F9755D}.Release|Any CPU.Build.0 = Release|Any CPU
	EndGlobalSection
	GlobalSection(SolutionProperties) = preSolution
		HideSolutionNode = FALSE
	EndGlobalSection
	GlobalSection(ExtensibilityGlobals) = postSolution
		SolutionGuid = {48EFD891-F956-489A-9BC4-E95EE5EB0599}
	EndGlobalSection
EndGlobal
